
Microsoft Visual Studio Solution File, Format Version 12.00
# Visual Studio 15
VisualStudioVersion = 15.0.28307.136
MinimumVisualStudioVersion = 10.0.40219.1
Project("{9A19103F-16F7-4668-BE54-9A1E7A4F7556}") = "Grey-O-Tron", "Grey-O-Tron\Grey-O-Tron.csproj", "{EB8EACF5-78ED-4D6C-B6BD-86EBA7C0F3D2}"
EndProject
Project("{9A19103F-16F7-4668-BE54-9A1E7A4F7556}") = "Grey-O-Tron.Tests", "Grey-O-Tron.Tests\Grey-O-Tron.Tests.csproj", "{C34C7A5F-7069-420B-ACE4-D422D701392B}"
EndProject
Global
	GlobalSection(SolutionConfigurationPlatforms) = preSolution
		Debug|Any CPU = Debug|Any CPU
		Release|Any CPU = Release|Any CPU
	EndGlobalSection
	GlobalSection(ProjectConfigurationPlatforms) = postSolution
		{EB8EACF5-78ED-4D6C-B6BD-86EBA7C0F3D2}.Debug|Any CPU.ActiveCfg = Debug|Any CPU
		{EB8EACF5-78ED-4D6C-B6BD-86EBA7C0F3D2}.Debug|Any CPU.Build.0 = Debug|Any CPU
		{EB8EACF5-78ED-4D6C-B6BD-86EBA7C0F3D2}.Release|Any CPU.ActiveCfg = Release|Any CPU
		{EB8EACF5-78ED-4D6C-B6BD-86EBA7C0F3D2}.Release|Any CPU.Build.0 = Release|Any CPU
		{C34C7A5F-7069-420B-ACE4-D422D701392B}.Debug|Any CPU.ActiveCfg = Debug|Any CPU
		{C34C7A5F-7069-420B-ACE4-D422D701392B}.Debug|Any CPU.Build.0 = Debug|Any CPU
		{C34C7A5F-7069-420B-ACE4-D422D701392B}.Release|Any CPU.ActiveCfg = Release|Any CPU
		{C34C7A5F-7069-420B-ACE4-D422D701392B}.Release|Any CPU.Build.0 = Release|Any CPU
	EndGlobalSection
	GlobalSection(SolutionProperties) = preSolution
		HideSolutionNode = FALSE
	EndGlobalSection
	GlobalSection(ExtensibilityGlobals) = postSolution
		SolutionGuid = {900EBEFC-10DF-4E33-8825-215459E17BEA}
	EndGlobalSection
EndGlobal
